
Microsoft Visual Studio Solution File, Format Version 12.00
# Visual Studio Version 16
VisualStudioVersion = 16.0.31613.86
MinimumVisualStudioVersion = 10.0.40219.1
Project("{13B669BE-BB05-4DDF-9536-439F39A36129}") = "EJERCICIO2PHP", "EJERCICIO2PHP.phpproj", "{7EB8D463-D6AE-4DC6-BAFD-2363C9F103DF}"
EndProject
Global
	GlobalSection(SolutionConfigurationPlatforms) = preSolution
		Debug|Any CPU = Debug|Any CPU
		Release|Any CPU = Release|Any CPU
	EndGlobalSection
	GlobalSection(ProjectConfigurationPlatforms) = postSolution
		{7EB8D463-D6AE-4DC6-BAFD-2363C9F103DF}.Debug|Any CPU.ActiveCfg = Debug|Any CPU
		{7EB8D463-D6AE-4DC6-BAFD-2363C9F103DF}.Debug|Any CPU.Build.0 = Debug|Any CPU
		{7EB8D463-D6AE-4DC6-BAFD-2363C9F103DF}.Release|Any CPU.ActiveCfg = Release|Any CPU
		{7EB8D463-D6AE-4DC6-BAFD-2363C9F103DF}.Release|Any CPU.Build.0 = Release|Any CPU
	EndGlobalSection
	GlobalSection(SolutionProperties) = preSolution
		HideSolutionNode = FALSE
	EndGlobalSection
	GlobalSection(ExtensibilityGlobals) = postSolution
		SolutionGuid = {E46830BE-6AEE-4FE8-987A-379C278F1245}
	EndGlobalSection
EndGlobal
