
Microsoft Visual Studio Solution File, Format Version 12.00
# Visual Studio Version 16
VisualStudioVersion = 16.0.31613.86
MinimumVisualStudioVersion = 10.0.40219.1
Project("{13B669BE-BB05-4DDF-9536-439F39A36129}") = "PHPWebProject3", "PHPWebProject3.phpproj", "{F63BED1A-891F-4B9A-B5AF-12277423B178}"
EndProject
Global
	GlobalSection(SolutionConfigurationPlatforms) = preSolution
		Debug|Any CPU = Debug|Any CPU
		Release|Any CPU = Release|Any CPU
	EndGlobalSection
	GlobalSection(ProjectConfigurationPlatforms) = postSolution
		{F63BED1A-891F-4B9A-B5AF-12277423B178}.Debug|Any CPU.ActiveCfg = Debug|Any CPU
		{F63BED1A-891F-4B9A-B5AF-12277423B178}.Debug|Any CPU.Build.0 = Debug|Any CPU
		{F63BED1A-891F-4B9A-B5AF-12277423B178}.Release|Any CPU.ActiveCfg = Release|Any CPU
		{F63BED1A-891F-4B9A-B5AF-12277423B178}.Release|Any CPU.Build.0 = Release|Any CPU
	EndGlobalSection
	GlobalSection(SolutionProperties) = preSolution
		HideSolutionNode = FALSE
	EndGlobalSection
	GlobalSection(ExtensibilityGlobals) = postSolution
		SolutionGuid = {0E1A6F3E-61A3-4434-80E1-9D0E0FA9D18D}
	EndGlobalSection
EndGlobal
